
Microsoft Visual Studio Solution File, Format Version 12.00
# Visual Studio Version 16
VisualStudioVersion = 16.0.31112.23
MinimumVisualStudioVersion = 10.0.40219.1
Project("{FAE04EC0-301F-11D3-BF4B-00C04F79EFBC}") = "ScottHowardNintendoSolution", "ScottHowardNintendoSolution\ScottHowardNintendoSolution.csproj", "{EC37D292-BE98-47A9-A5A6-93237D2B96F3}"
EndProject
Global
	GlobalSection(SolutionConfigurationPlatforms) = preSolution
		Debug|Any CPU = Debug|Any CPU
		Release|Any CPU = Release|Any CPU
	EndGlobalSection
	GlobalSection(ProjectConfigurationPlatforms) = postSolution
		{EC37D292-BE98-47A9-A5A6-93237D2B96F3}.Debug|Any CPU.ActiveCfg = Debug|Any CPU
		{EC37D292-BE98-47A9-A5A6-93237D2B96F3}.Debug|Any CPU.Build.0 = Debug|Any CPU
		{EC37D292-BE98-47A9-A5A6-93237D2B96F3}.Release|Any CPU.ActiveCfg = Release|Any CPU
		{EC37D292-BE98-47A9-A5A6-93237D2B96F3}.Release|Any CPU.Build.0 = Release|Any CPU
	EndGlobalSection
	GlobalSection(SolutionProperties) = preSolution
		HideSolutionNode = FALSE
	EndGlobalSection
	GlobalSection(ExtensibilityGlobals) = postSolution
		SolutionGuid = {FE5992C1-D424-4994-B53A-BECAE73AB2A8}
	EndGlobalSection
EndGlobal
